{
  "version": 4,
  "terraform_version": "1.12.2",
  "serial": 5,
  "lineage": "29fea93c-4cb1-005c-983d-651d464566fd",
  "outputs": {
    "ansible_inventory_path": {
      "value": "./../ansible/inventory/prod.ini",
      "type": "string"
    }
  },
  "resources": [
    {
      "mode": "data",
      "type": "yandex_compute_image",
      "name": "ubuntu",
      "provider": "provider[\"registry.terraform.io/yandex-cloud/yandex\"]",
      "instances": [
        {
          "schema_version": 0,
          "attributes": {
            "created_at": "2026-04-27T11:28:43Z",
            "description": "Ubuntu 22.04 lts v20260417030230",
            "family": "ubuntu-2204-lts",
            "folder_id": "standard-images",
            "hardware_generation": [
              {
                "generation2_features": [],
                "legacy_features": [
                  {
                    "pci_topology": "PCI_TOPOLOGY_V2"
                  }
                ]
              }
            ],
            "id": "fd8hasuis9oa30vfafeg",
            "image_id": "fd8hasuis9oa30vfafeg",
            "kms_key_id": null,
            "labels": {
              "version": "20260417030230",
              "x-hopper-operation-id": "d9pjddvneaktgjinkjh0",
              "x-hopper-source-image-id": "fd8gqri9uovb6a9qi0ve"
            },
            "min_disk_size": 8,
            "name": "ubuntu-22-04-lts-v20260427",
            "os_type": "linux",
            "pooled": true,
            "product_ids": [
              "f2el4m3292rfj5puqt77"
            ],
            "size": 2,
            "status": "ready"
          },
          "sensitive_attributes": [],
          "identity_schema_version": 0
        }
      ]
    },
    {
      "mode": "managed",
      "type": "yandex_vpc_gateway",
      "name": "nat_gateway",
      "provider": "provider[\"registry.terraform.io/yandex-cloud/yandex\"]",
      "instances": [
        {
          "schema_version": 0,
          "attributes": {
            "created_at": "2026-04-28T17:12:49Z",
            "description": "",
            "folder_id": "b1g5djvhkqa04dmcuueq",
            "id": "enpkq1hrpg6g2r3c83e1",
            "labels": {
              "owner": "student",
              "project": "devops-coursework",
              "role": "nat-gateway"
            },
            "name": "coursework-nat-gateway",
            "shared_egress_gateway": [
              {}
            ],
            "timeouts": null
          },
          "sensitive_attributes": [],
          "identity_schema_version": 0,
          "private": "eyJlMmJmYjczMC1lY2FhLTExZTYtOGY4OC0zNDM2M2JjN2M0YzAiOnsiY3JlYXRlIjo2MDAwMDAwMDAwMCwiZGVsZXRlIjo2MDAwMDAwMDAwMCwidXBkYXRlIjo2MDAwMDAwMDAwMH19"
        }
      ]
    }
  ],
  "check_results": null
}
